
Microsoft Visual Studio Solution File, Format Version 12.00
# Visual Studio Version 17
VisualStudioVersion = 17.11.35208.52
MinimumVisualStudioVersion = 10.0.40219.1
Project("{9A19103F-16F7-4668-BE54-9A1E7A4F7556}") = "C#", "C#\C#.csproj", "{B0D58B06-65B0-46D9-819E-18093236182F}"
EndProject
Project("{2150E333-8FDC-42A3-9474-1A3956D46DE8}") = "Solution Items", "Solution Items", "{877C80DD-BC4F-4089-8AE1-01B2BE6A0178}"
	ProjectSection(SolutionItems) = preProject
		Bt28_8_max = Bt28_8_max
	EndProjectSection
EndProject
Project("{9A19103F-16F7-4668-BE54-9A1E7A4F7556}") = "18_9", "18_9\18_9.csproj", "{2F1C6E51-610E-4C12-90E4-A0245E6448FC}"
EndProject
Project("{9A19103F-16F7-4668-BE54-9A1E7A4F7556}") = "24_9", "24_9\24_9.csproj", "{9AA48D1C-EA45-4C7F-9942-A54414B4682C}"
EndProject
Project("{9A19103F-16F7-4668-BE54-9A1E7A4F7556}") = "25_9", "25_9\25_9.csproj", "{26EF6D08-FAEC-4A48-8137-DD601619E965}"
EndProject
Project("{FAE04EC0-301F-11D3-BF4B-00C04F79EFBC}") = "2_10", "2_10\2_10.csproj", "{C371B75D-D1FB-48E5-A4DC-11567F983AD3}"
EndProject
Global
	GlobalSection(SolutionConfigurationPlatforms) = preSolution
		Debug|Any CPU = Debug|Any CPU
		Release|Any CPU = Release|Any CPU
	EndGlobalSection
	GlobalSection(ProjectConfigurationPlatforms) = postSolution
		{B0D58B06-65B0-46D9-819E-18093236182F}.Debug|Any CPU.ActiveCfg = Debug|Any CPU
		{B0D58B06-65B0-46D9-819E-18093236182F}.Debug|Any CPU.Build.0 = Debug|Any CPU
		{B0D58B06-65B0-46D9-819E-18093236182F}.Release|Any CPU.ActiveCfg = Release|Any CPU
		{B0D58B06-65B0-46D9-819E-18093236182F}.Release|Any CPU.Build.0 = Release|Any CPU
		{2F1C6E51-610E-4C12-90E4-A0245E6448FC}.Debug|Any CPU.ActiveCfg = Debug|Any CPU
		{2F1C6E51-610E-4C12-90E4-A0245E6448FC}.Debug|Any CPU.Build.0 = Debug|Any CPU
		{2F1C6E51-610E-4C12-90E4-A0245E6448FC}.Release|Any CPU.ActiveCfg = Release|Any CPU
		{2F1C6E51-610E-4C12-90E4-A0245E6448FC}.Release|Any CPU.Build.0 = Release|Any CPU
		{9AA48D1C-EA45-4C7F-9942-A54414B4682C}.Debug|Any CPU.ActiveCfg = Debug|Any CPU
		{9AA48D1C-EA45-4C7F-9942-A54414B4682C}.Debug|Any CPU.Build.0 = Debug|Any CPU
		{9AA48D1C-EA45-4C7F-9942-A54414B4682C}.Release|Any CPU.ActiveCfg = Release|Any CPU
		{9AA48D1C-EA45-4C7F-9942-A54414B4682C}.Release|Any CPU.Build.0 = Release|Any CPU
		{26EF6D08-FAEC-4A48-8137-DD601619E965}.Debug|Any CPU.ActiveCfg = Debug|Any CPU
		{26EF6D08-FAEC-4A48-8137-DD601619E965}.Debug|Any CPU.Build.0 = Debug|Any CPU
		{26EF6D08-FAEC-4A48-8137-DD601619E965}.Release|Any CPU.ActiveCfg = Release|Any CPU
		{26EF6D08-FAEC-4A48-8137-DD601619E965}.Release|Any CPU.Build.0 = Release|Any CPU
		{C371B75D-D1FB-48E5-A4DC-11567F983AD3}.Debug|Any CPU.ActiveCfg = Debug|Any CPU
		{C371B75D-D1FB-48E5-A4DC-11567F983AD3}.Debug|Any CPU.Build.0 = Debug|Any CPU
		{C371B75D-D1FB-48E5-A4DC-11567F983AD3}.Release|Any CPU.ActiveCfg = Release|Any CPU
		{C371B75D-D1FB-48E5-A4DC-11567F983AD3}.Release|Any CPU.Build.0 = Release|Any CPU
	EndGlobalSection
	GlobalSection(SolutionProperties) = preSolution
		HideSolutionNode = FALSE
	EndGlobalSection
	GlobalSection(ExtensibilityGlobals) = postSolution
		SolutionGuid = {71DDFE69-C901-4027-83DB-18BF73D8D6E4}
	EndGlobalSection
EndGlobal
